
Microsoft Visual Studio Solution File, Format Version 12.00
# Visual Studio Version 16
VisualStudioVersion = 16.0.30611.23
MinimumVisualStudioVersion = 10.0.40219.1
Project("{FAE04EC0-301F-11D3-BF4B-00C04F79EFBC}") = "BackEnd2", "BackEnd2.csproj", "{8F9882D7-D2E8-4EE9-94B2-5EAD37EE0A3D}"
EndProject
Global
	GlobalSection(SolutionConfigurationPlatforms) = preSolution
		Debug|Any CPU = Debug|Any CPU
		Release|Any CPU = Release|Any CPU
	EndGlobalSection
	GlobalSection(ProjectConfigurationPlatforms) = postSolution
		{8F9882D7-D2E8-4EE9-94B2-5EAD37EE0A3D}.Debug|Any CPU.ActiveCfg = Debug|Any CPU
		{8F9882D7-D2E8-4EE9-94B2-5EAD37EE0A3D}.Debug|Any CPU.Build.0 = Debug|Any CPU
		{8F9882D7-D2E8-4EE9-94B2-5EAD37EE0A3D}.Release|Any CPU.ActiveCfg = Release|Any CPU
		{8F9882D7-D2E8-4EE9-94B2-5EAD37EE0A3D}.Release|Any CPU.Build.0 = Release|Any CPU
	EndGlobalSection
	GlobalSection(SolutionProperties) = preSolution
		HideSolutionNode = FALSE
	EndGlobalSection
	GlobalSection(ExtensibilityGlobals) = postSolution
		SolutionGuid = {05EB348E-CE33-4E3D-9B73-84CA4DF88587}
	EndGlobalSection
EndGlobal
